// !$*UTF8*$!
{
	archiveVersion = 1;
	classes = {
	};
	objectVersion = 56;
	objects = {

/* Begin PBXBuildFile section */
		C50F0D7E2ADE6839005A64DF /* AppDelegate.swift in Sources */ = {isa = PBXBuildFile; fileRef = C50F0D7D2ADE6839005A64DF /* AppDelegate.swift */; };
		C50F0D802ADE6839005A64DF /* SceneDelegate.swift in Sources */ = {isa = PBXBuildFile; fileRef = C50F0D7F2ADE6839005A64DF /* SceneDelegate.swift */; };
		C50F0D822ADE6839005A64DF /* ViewController.swift in Sources */ = {isa = PBXBuildFile; fileRef = C50F0D812ADE6839005A64DF /* ViewController.swift */; };
		C50F0D852ADE6839005A64DF /* Main.storyboard in Resources */ = {isa = PBXBuildFile; fileRef = C50F0D832ADE6839005A64DF /* Main.storyboard */; };
		C50F0D872ADE683A005A64DF /* Assets.xcassets in Resources */ = {isa = PBXBuildFile; fileRef = C50F0D862ADE683A005A64DF /* Assets.xcassets */; };
		C50F0D8A2ADE683A005A64DF /* LaunchScreen.storyboard in Resources */ = {isa = PBXBuildFile; fileRef = C50F0D882ADE683A005A64DF /* LaunchScreen.storyboard */; };
		C50F0D932ADE6874005A64DF /* RxBlocking in Frameworks */ = {isa = PBXBuildFile; productRef = C50F0D922ADE6874005A64DF /* RxBlocking */; };
		C50F0D952ADE6874005A64DF /* RxBlocking-Dynamic in Frameworks */ = {isa = PBXBuildFile; productRef = C50F0D942ADE6874005A64DF /* RxBlocking-Dynamic */; };
		C50F0D972ADE6874005A64DF /* RxCocoa in Frameworks */ = {isa = PBXBuildFile; productRef = C50F0D962ADE6874005A64DF /* RxCocoa */; };
		C50F0D992ADE6874005A64DF /* RxCocoa-Dynamic in Frameworks */ = {isa = PBXBuildFile; productRef = C50F0D982ADE6874005A64DF /* RxCocoa-Dynamic */; };
		C50F0D9B2ADE6874005A64DF /* RxRelay in Frameworks */ = {isa = PBXBuildFile; productRef = C50F0D9A2ADE6874005A64DF /* RxRelay */; };
		C50F0D9D2ADE68C7005A64DF /* Item.swift in Sources */ = {isa = PBXBuildFile; fileRef = C50F0D9C2ADE68C7005A64DF /* Item.swift */; };
		C50F0D9F2ADE68F1005A64DF /* TableViewModel.swift in Sources */ = {isa = PBXBuildFile; fileRef = C50F0D9E2ADE68F1005A64DF /* TableViewModel.swift */; };
		C50F0DA12ADFB77B005A64DF /* CustomCell.swift in Sources */ = {isa = PBXBuildFile; fileRef = C50F0DA02ADFB77B005A64DF /* CustomCell.swift */; };
		C50F0DA32AE007B1005A64DF /* CustomCell.xib in Resources */ = {isa = PBXBuildFile; fileRef = C50F0DA22AE007B1005A64DF /* CustomCell.xib */; };
		C50F0DA52AE06D24005A64DF /* MyDataSource.swift in Sources */ = {isa = PBXBuildFile; fileRef = C50F0DA42AE06D24005A64DF /* MyDataSource.swift */; };
/* End PBXBuildFile section */

/* Begin PBXFileReference section */
		C50F0D7A2ADE6839005A64DF /* moveRow.app */ = {isa = PBXFileReference; explicitFileType = wrapper.application; includeInIndex = 0; path = moveRow.app; sourceTree = BUILT_PRODUCTS_DIR; };
		C50F0D7D2ADE6839005A64DF /* AppDelegate.swift */ = {isa = PBXFileReference; lastKnownFileType = sourcecode.swift; path = AppDelegate.swift; sourceTree = "<group>"; };
		C50F0D7F2ADE6839005A64DF /* SceneDelegate.swift */ = {isa = PBXFileReference; lastKnownFileType = sourcecode.swift; path = SceneDelegate.swift; sourceTree = "<group>"; };
		C50F0D812ADE6839005A64DF /* ViewController.swift */ = {isa = PBXFileReference; lastKnownFileType = sourcecode.swift; path = ViewController.swift; sourceTree = "<group>"; };
		C50F0D842ADE6839005A64DF /* Base */ = {isa = PBXFileReference; lastKnownFileType = file.storyboard; name = Base; path = Base.lproj/Main.storyboard; sourceTree = "<group>"; };
		C50F0D862ADE683A005A64DF /* Assets.xcassets */ = {isa = PBXFileReference; lastKnownFileType = folder.assetcatalog; path = Assets.xcassets; sourceTree = "<group>"; };
		C50F0D892ADE683A005A64DF /* Base */ = {isa = PBXFileReference; lastKnownFileType = file.storyboard; name = Base; path = Base.lproj/LaunchScreen.storyboard; sourceTree = "<group>"; };
		C50F0D8B2ADE683A005A64DF /* Info.plist */ = {isa = PBXFileReference; lastKnownFileType = text.plist.xml; path = Info.plist; sourceTree = "<group>"; };
		C50F0D9C2ADE68C7005A64DF /* Item.swift */ = {isa = PBXFileReference; lastKnownFileType = sourcecode.swift; path = Item.swift; sourceTree = "<group>"; };
		C50F0D9E2ADE68F1005A64DF /* TableViewModel.swift */ = {isa = PBXFileReference; lastKnownFileType = sourcecode.swift; path = TableViewModel.swift; sourceTree = "<group>"; };
		C50F0DA02ADFB77B005A64DF /* CustomCell.swift */ = {isa = PBXFileReference; lastKnownFileType = sourcecode.swift; path = CustomCell.swift; sourceTree = "<group>"; };
		C50F0DA22AE007B1005A64DF /* CustomCell.xib */ = {isa = PBXFileReference; lastKnownFileType = file.xib; path = CustomCell.xib; sourceTree = "<group>"; };
		C50F0DA42AE06D24005A64DF /* MyDataSource.swift */ = {isa = PBXFileReference; lastKnownFileType = sourcecode.swift; path = MyDataSource.swift; sourceTree = "<group>"; };
/* End PBXFileReference section */

/* Begin PBXFrameworksBuildPhase section */
		C50F0D772ADE6839005A64DF /* Frameworks */ = {
			isa = PBXFrameworksBuildPhase;
			buildActionMask = 2147483647;
			files = (
				C50F0D9B2ADE6874005A64DF /* RxRelay in Frameworks */,
				C50F0D992ADE6874005A64DF /* RxCocoa-Dynamic in Frameworks */,
				C50F0D972ADE6874005A64DF /* RxCocoa in Frameworks */,
				C50F0D932ADE6874005A64DF /* RxBlocking in Frameworks */,
				C50F0D952ADE6874005A64DF /* RxBlocking-Dynamic in Frameworks */,
			);
			runOnlyForDeploymentPostprocessing = 0;
		};
/* End PBXFrameworksBuildPhase section */

/* Begin PBXGroup section */
		C50F0D712ADE6839005A64DF = {
			isa = PBXGroup;
			children = (
				C50F0D7C2ADE6839005A64DF /* moveRow */,
				C50F0D7B2ADE6839005A64DF /* Products */,
			);
			sourceTree = "<group>";
		};
		C50F0D7B2ADE6839005A64DF /* Products */ = {
			isa = PBXGroup;
			children = (
				C50F0D7A2ADE6839005A64DF /* moveRow.app */,
			);
			name = Products;
			sourceTree = "<group>";
		};
		C50F0D7C2ADE6839005A64DF /* moveRow */ = {
			isa = PBXGroup;
			children = (
				C50F0D7D2ADE6839005A64DF /* AppDelegate.swift */,
				C50F0D7F2ADE6839005A64DF /* SceneDelegate.swift */,
				C50F0D812ADE6839005A64DF /* ViewController.swift */,
				C50F0DA42AE06D24005A64DF /* MyDataSource.swift */,
				C50F0DA02ADFB77B005A64DF /* CustomCell.swift */,
				C50F0DA22AE007B1005A64DF /* CustomCell.xib */,
				C50F0D832ADE6839005A64DF /* Main.storyboard */,
				C50F0D862ADE683A005A64DF /* Assets.xcassets */,
				C50F0D882ADE683A005A64DF /* LaunchScreen.storyboard */,
				C50F0D8B2ADE683A005A64DF /* Info.plist */,
				C50F0D9C2ADE68C7005A64DF /* Item.swift */,
				C50F0D9E2ADE68F1005A64DF /* TableViewModel.swift */,
			);
			path = moveRow;
			sourceTree = "<group>";
		};
/* End PBXGroup section */

/* Begin PBXNativeTarget section */
		C50F0D792ADE6839005A64DF /* moveRow */ = {
			isa = PBXNativeTarget;
			buildConfigurationList = C50F0D8E2ADE683A005A64DF /* Build configuration list for PBXNativeTarget "moveRow" */;
			buildPhases = (
				C50F0D762ADE6839005A64DF /* Sources */,
				C50F0D772ADE6839005A64DF /* Frameworks */,
				C50F0D782ADE6839005A64DF /* Resources */,
			);
			buildRules = (
			);
			dependencies = (
			);
			name = moveRow;
			packageProductDependencies = (
				C50F0D922ADE6874005A64DF /* RxBlocking */,
				C50F0D942ADE6874005A64DF /* RxBlocking-Dynamic */,
				C50F0D962ADE6874005A64DF /* RxCocoa */,
				C50F0D982ADE6874005A64DF /* RxCocoa-Dynamic */,
				C50F0D9A2ADE6874005A64DF /* RxRelay */,
			);
			productName = moveRow;
			productReference = C50F0D7A2ADE6839005A64DF /* moveRow.app */;
			productType = "com.apple.product-type.application";
		};
/* End PBXNativeTarget section */

/* Begin PBXProject section */
		C50F0D722ADE6839005A64DF /* Project object */ = {
			isa = PBXProject;
			attributes = {
				BuildIndependentTargetsInParallel = 1;
				LastSwiftUpdateCheck = 1500;
				LastUpgradeCheck = 1500;
				TargetAttributes = {
					C50F0D792ADE6839005A64DF = {
						CreatedOnToolsVersion = 15.0.1;
					};
				};
			};
			buildConfigurationList = C50F0D752ADE6839005A64DF /* Build configuration list for PBXProject "moveRow" */;
			compatibilityVersion = "Xcode 14.0";
			developmentRegion = en;
			hasScannedForEncodings = 0;
			knownRegions = (
				en,
				Base,
			);
			mainGroup = C50F0D712ADE6839005A64DF;
			packageReferences = (
				C50F0D912ADE6874005A64DF /* XCRemoteSwiftPackageReference "RxSwift" */,
			);
			productRefGroup = C50F0D7B2ADE6839005A64DF /* Products */;
			projectDirPath = "";
			projectRoot = "";
			targets = (
				C50F0D792ADE6839005A64DF /* moveRow */,
			);
		};
/* End PBXProject section */

/* Begin PBXResourcesBuildPhase section */
		C50F0D782ADE6839005A64DF /* Resources */ = {
			isa = PBXResourcesBuildPhase;
			buildActionMask = 2147483647;
			files = (
				C50F0D8A2ADE683A005A64DF /* LaunchScreen.storyboard in Resources */,
				C50F0D872ADE683A005A64DF /* Assets.xcassets in Resources */,
				C50F0DA32AE007B1005A64DF /* CustomCell.xib in Resources */,
				C50F0D852ADE6839005A64DF /* Main.storyboard in Resources */,
			);
			runOnlyForDeploymentPostprocessing = 0;
		};
/* End PBXResourcesBuildPhase section */

/* Begin PBXSourcesBuildPhase section */
		C50F0D762ADE6839005A64DF /* Sources */ = {
			isa = PBXSourcesBuildPhase;
			buildActionMask = 2147483647;
			files = (
				C50F0D9D2ADE68C7005A64DF /* Item.swift in Sources */,
				C50F0D9F2ADE68F1005A64DF /* TableViewModel.swift in Sources */,
				C50F0D822ADE6839005A64DF /* ViewController.swift in Sources */,
				C50F0D7E2ADE6839005A64DF /* AppDelegate.swift in Sources */,
				C50F0DA12ADFB77B005A64DF /* CustomCell.swift in Sources */,
				C50F0D802ADE6839005A64DF /* SceneDelegate.swift in Sources */,
				C50F0DA52AE06D24005A64DF /* MyDataSource.swift in Sources */,
			);
			runOnlyForDeploymentPostprocessing = 0;
		};
/* End PBXSourcesBuildPhase section */

/* Begin PBXVariantGroup section */
		C50F0D832ADE6839005A64DF /* Main.storyboard */ = {
			isa = PBXVariantGroup;
			children = (
				C50F0D842ADE6839005A64DF /* Base */,
			);
			name = Main.storyboard;
			sourceTree = "<group>";
		};
		C50F0D882ADE683A005A64DF /* LaunchScreen.storyboard */ = {
			isa = PBXVariantGroup;
			children = (
				C50F0D892ADE683A005A64DF /* Base */,
			);
			name = LaunchScreen.storyboard;
			sourceTree = "<group>";
		};
/* End PBXVariantGroup section */

/* Begin XCBuildConfiguration section */
		C50F0D8C2ADE683A005A64DF /* Debug */ = {
			isa = XCBuildConfiguration;
			buildSettings = {
				ALWAYS_SEARCH_USER_PATHS = NO;
				ASSETCATALOG_COMPILER_GENERATE_SWIFT_ASSET_SYMBOL_EXTENSIONS = YES;
				CLANG_ANALYZER_NONNULL = YES;
				CLANG_ANALYZER_NUMBER_OBJECT_CONVERSION = YES_AGGRESSIVE;
				CLANG_CXX_LANGUAGE_STANDARD = "gnu++20";
				CLANG_ENABLE_MODULES = YES;
				CLANG_ENABLE_OBJC_ARC = YES;
				CLANG_ENABLE_OBJC_WEAK = YES;
				CLANG_WARN_BLOCK_CAPTURE_AUTORELEASING = YES;
				CLANG_WARN_BOOL_CONVERSION = YES;
				CLANG_WARN_COMMA = YES;
				CLANG_WARN_CONSTANT_CONVERSION = YES;
				CLANG_WARN_DEPRECATED_OBJC_IMPLEMENTATIONS = YES;
				CLANG_WARN_DIRECT_OBJC_ISA_USAGE = YES_ERROR;
				CLANG_WARN_DOCUMENTATION_COMMENTS = YES;
				CLANG_WARN_EMPTY_BODY = YES;
				CLANG_WARN_ENUM_CONVERSION = YES;
				CLANG_WARN_INFINITE_RECURSION = YES;
				CLANG_WARN_INT_CONVERSION = YES;
				CLANG_WARN_NON_LITERAL_NULL_CONVERSION = YES;
				CLANG_WARN_OBJC_IMPLICIT_RETAIN_SELF = YES;
				CLANG_WARN_OBJC_LITERAL_CONVERSION = YES;
				CLANG_WARN_OBJC_ROOT_CLASS = YES_ERROR;
				CLANG_WARN_QUOTED_INCLUDE_IN_FRAMEWORK_HEADER = YES;
				CLANG_WARN_RANGE_LOOP_ANALYSIS = YES;
				CLANG_WARN_STRICT_PROTOTYPES = YES;
				CLANG_WARN_SUSPICIOUS_MOVE = YES;
				CLANG_WARN_UNGUARDED_AVAILABILITY = YES_AGGRESSIVE;
				CLANG_WARN_UNREACHABLE_CODE = YES;
				CLANG_WARN__DUPLICATE_METHOD_MATCH = YES;
				COPY_PHASE_STRIP = NO;
				DEBUG_INFORMATION_FORMAT = dwarf;
				ENABLE_STRICT_OBJC_MSGSEND = YES;
				ENABLE_TESTABILITY = YES;
				ENABLE_USER_SCRIPT_SANDBOXING = YES;
				GCC_C_LANGUAGE_STANDARD = gnu17;
				GCC_DYNAMIC_NO_PIC = NO;
				GCC_NO_COMMON_BLOCKS = YES;
				GCC_OPTIMIZATION_LEVEL = 0;
				GCC_PREPROCESSOR_DEFINITIONS = (
					"DEBUG=1",
					"$(inherited)",
				);
				GCC_WARN_64_TO_32_BIT_CONVERSION = YES;
				GCC_WARN_ABOUT_RETURN_TYPE = YES_ERROR;
				GCC_WARN_UNDECLARED_SELECTOR = YES;
				GCC_WARN_UNINITIALIZED_AUTOS = YES_AGGRESSIVE;
				GCC_WARN_UNUSED_FUNCTION = YES;
				GCC_WARN_UNUSED_VARIABLE = YES;
				IPHONEOS_DEPLOYMENT_TARGET = 17.0;
				LOCALIZATION_PREFERS_STRING_CATALOGS = YES;
				MTL_ENABLE_DEBUG_INFO = INCLUDE_SOURCE;
				MTL_FAST_MATH = YES;
				ONLY_ACTIVE_ARCH = YES;
				SDKROOT = iphoneos;
				SWIFT_ACTIVE_COMPILATION_CONDITIONS = "DEBUG $(inherited)";
				SWIFT_OPTIMIZATION_LEVEL = "-Onone";
			};
			name = Debug;
		};
		C50F0D8D2ADE683A005A64DF /* Release */ = {
			isa = XCBuildConfiguration;
			buildSettings = {
				ALWAYS_SEARCH_USER_PATHS = NO;
				ASSETCATALOG_COMPILER_GENERATE_SWIFT_ASSET_SYMBOL_EXTENSIONS = YES;
				CLANG_ANALYZER_NONNULL = YES;
				CLANG_ANALYZER_NUMBER_OBJECT_CONVERSION = YES_AGGRESSIVE;
				CLANG_CXX_LANGUAGE_STANDARD = "gnu++20";
				CLANG_ENABLE_MODULES = YES;
				CLANG_ENABLE_OBJC_ARC = YES;
				CLANG_ENABLE_OBJC_WEAK = YES;
				CLANG_WARN_BLOCK_CAPTURE_AUTORELEASING = YES;
				CLANG_WARN_BOOL_CONVERSION = YES;
				CLANG_WARN_COMMA = YES;
				CLANG_WARN_CONSTANT_CONVERSION = YES;
				CLANG_WARN_DEPRECATED_OBJC_IMPLEMENTATIONS = YES;
				CLANG_WARN_DIRECT_OBJC_ISA_USAGE = YES_ERROR;
				CLANG_WARN_DOCUMENTATION_COMMENTS = YES;
				CLANG_WARN_EMPTY_BODY = YES;
				CLANG_WARN_ENUM_CONVERSION = YES;
				CLANG_WARN_INFINITE_RECURSION = YES;
				CLANG_WARN_INT_CONVERSION = YES;
				CLANG_WARN_NON_LITERAL_NULL_CONVERSION = YES;
				CLANG_WARN_OBJC_IMPLICIT_RETAIN_SELF = YES;
				CLANG_WARN_OBJC_LITERAL_CONVERSION = YES;
				CLANG_WARN_OBJC_ROOT_CLASS = YES_ERROR;
				CLANG_WARN_QUOTED_INCLUDE_IN_FRAMEWORK_HEADER = YES;
				CLANG_WARN_RANGE_LOOP_ANALYSIS = YES;
				CLANG_WARN_STRICT_PROTOTYPES = YES;
				CLANG_WARN_SUSPICIOUS_MOVE = YES;
				CLANG_WARN_UNGUARDED_AVAILABILITY = YES_AGGRESSIVE;
				CLANG_WARN_UNREACHABLE_CODE = YES;
				CLANG_WARN__DUPLICATE_METHOD_MATCH = YES;
				COPY_PHASE_STRIP = NO;
				DEBUG_INFORMATION_FORMAT = "dwarf-with-dsym";
				ENABLE_NS_ASSERTIONS = NO;
				ENABLE_STRICT_OBJC_MSGSEND = YES;
				ENABLE_USER_SCRIPT_SANDBOXING = YES;
				GCC_C_LANGUAGE_STANDARD = gnu17;
				GCC_NO_COMMON_BLOCKS = YES;
				GCC_WARN_64_TO_32_BIT_CONVERSION = YES;
				GCC_WARN_ABOUT_RETURN_TYPE = YES_ERROR;
				GCC_WARN_UNDECLARED_SELECTOR = YES;
				GCC_WARN_UNINITIALIZED_AUTOS = YES_AGGRESSIVE;
				GCC_WARN_UNUSED_FUNCTION = YES;
				GCC_WARN_UNUSED_VARIABLE = YES;
				IPHONEOS_DEPLOYMENT_TARGET = 17.0;
				LOCALIZATION_PREFERS_STRING_CATALOGS = YES;
				MTL_ENABLE_DEBUG_INFO = NO;
				MTL_FAST_MATH = YES;
				SDKROOT = iphoneos;
				SWIFT_COMPILATION_MODE = wholemodule;
				VALIDATE_PRODUCT = YES;
			};
			name = Release;
		};
		C50F0D8F2ADE683A005A64DF /* Debug */ = {
			isa = XCBuildConfiguration;
			buildSettings = {
				ASSETCATALOG_COMPILER_APPICON_NAME = AppIcon;
				ASSETCATALOG_COMPILER_GLOBAL_ACCENT_COLOR_NAME = AccentColor;
				CODE_SIGN_IDENTITY = "Apple Development";
				CODE_SIGN_STYLE = Automatic;
				CURRENT_PROJECT_VERSION = 1;
				DEVELOPMENT_TEAM = "";
				GENERATE_INFOPLIST_FILE = YES;
				INFOPLIST_FILE = moveRow/Info.plist;
				INFOPLIST_KEY_UIApplicationSupportsIndirectInputEvents = YES;
				INFOPLIST_KEY_UILaunchStoryboardName = LaunchScreen;
				INFOPLIST_KEY_UIMainStoryboardFile = Main;
				INFOPLIST_KEY_UISupportedInterfaceOrientations_iPad = "UIInterfaceOrientationPortrait UIInterfaceOrientationPortraitUpsideDown UIInterfaceOrientationLandscapeLeft UIInterfaceOrientationLandscapeRight";
				INFOPLIST_KEY_UISupportedInterfaceOrientations_iPhone = "UIInterfaceOrientationPortrait UIInterfaceOrientationLandscapeLeft UIInterfaceOrientationLandscapeRight";
				LD_RUNPATH_SEARCH_PATHS = (
					"$(inherited)",
					"@executable_path/Frameworks",
				);
				MARKETING_VERSION = 1.0;
				PRODUCT_BUNDLE_IDENTIFIER = jp.hackenbacker.moveRow;
				PRODUCT_NAME = "$(TARGET_NAME)";
				PROVISIONING_PROFILE_SPECIFIER = "";
				SWIFT_EMIT_LOC_STRINGS = YES;
				SWIFT_VERSION = 5.0;
				TARGETED_DEVICE_FAMILY = "1,2";
			};
			name = Debug;
		};
		C50F0D902ADE683A005A64DF /* Release */ = {
			isa = XCBuildConfiguration;
			buildSettings = {
				ASSETCATALOG_COMPILER_APPICON_NAME = AppIcon;
				ASSETCATALOG_COMPILER_GLOBAL_ACCENT_COLOR_NAME = AccentColor;
				CODE_SIGN_IDENTITY = "Apple Development";
				CODE_SIGN_STYLE = Automatic;
				CURRENT_PROJECT_VERSION = 1;
				DEVELOPMENT_TEAM = "";
				GENERATE_INFOPLIST_FILE = YES;
				INFOPLIST_FILE = moveRow/Info.plist;
				INFOPLIST_KEY_UIApplicationSupportsIndirectInputEvents = YES;
				INFOPLIST_KEY_UILaunchStoryboardName = LaunchScreen;
				INFOPLIST_KEY_UIMainStoryboardFile = Main;
				INFOPLIST_KEY_UISupportedInterfaceOrientations_iPad = "UIInterfaceOrientationPortrait UIInterfaceOrientationPortraitUpsideDown UIInterfaceOrientationLandscapeLeft UIInterfaceOrientationLandscapeRight";
				INFOPLIST_KEY_UISupportedInterfaceOrientations_iPhone = "UIInterfaceOrientationPortrait UIInterfaceOrientationLandscapeLeft UIInterfaceOrientationLandscapeRight";
				LD_RUNPATH_SEARCH_PATHS = (
					"$(inherited)",
					"@executable_path/Frameworks",
				);
				MARKETING_VERSION = 1.0;
				PRODUCT_BUNDLE_IDENTIFIER = jp.hackenbacker.moveRow;
				PRODUCT_NAME = "$(TARGET_NAME)";
				PROVISIONING_PROFILE_SPECIFIER = "";
				SWIFT_EMIT_LOC_STRINGS = YES;
				SWIFT_VERSION = 5.0;
				TARGETED_DEVICE_FAMILY = "1,2";
			};
			name = Release;
		};
/* End XCBuildConfiguration section */

/* Begin XCConfigurationList section */
		C50F0D752ADE6839005A64DF /* Build configuration list for PBXProject "moveRow" */ = {
			isa = XCConfigurationList;
			buildConfigurations = (
				C50F0D8C2ADE683A005A64DF /* Debug */,
				C50F0D8D2ADE683A005A64DF /* Release */,
			);
			defaultConfigurationIsVisible = 0;
			defaultConfigurationName = Release;
		};
		C50F0D8E2ADE683A005A64DF /* Build configuration list for PBXNativeTarget "moveRow" */ = {
			isa = XCConfigurationList;
			buildConfigurations = (
				C50F0D8F2ADE683A005A64DF /* Debug */,
				C50F0D902ADE683A005A64DF /* Release */,
			);
			defaultConfigurationIsVisible = 0;
			defaultConfigurationName = Release;
		};
/* End XCConfigurationList section */

/* Begin XCRemoteSwiftPackageReference section */
		C50F0D912ADE6874005A64DF /* XCRemoteSwiftPackageReference "RxSwift" */ = {
			isa = XCRemoteSwiftPackageReference;
			repositoryURL = "https://github.com/ReactiveX/RxSwift";
			requirement = {
				kind = upToNextMajorVersion;
				minimumVersion = 6.6.0;
			};
		};
/* End XCRemoteSwiftPackageReference section */

/* Begin XCSwiftPackageProductDependency section */
		C50F0D922ADE6874005A64DF /* RxBlocking */ = {
			isa = XCSwiftPackageProductDependency;
			package = C50F0D912ADE6874005A64DF /* XCRemoteSwiftPackageReference "RxSwift" */;
			productName = RxBlocking;
		};
		C50F0D942ADE6874005A64DF /* RxBlocking-Dynamic */ = {
			isa = XCSwiftPackageProductDependency;
			package = C50F0D912ADE6874005A64DF /* XCRemoteSwiftPackageReference "RxSwift" */;
			productName = "RxBlocking-Dynamic";
		};
		C50F0D962ADE6874005A64DF /* RxCocoa */ = {
			isa = XCSwiftPackageProductDependency;
			package = C50F0D912ADE6874005A64DF /* XCRemoteSwiftPackageReference "RxSwift" */;
			productName = RxCocoa;
		};
		C50F0D982ADE6874005A64DF /* RxCocoa-Dynamic */ = {
			isa = XCSwiftPackageProductDependency;
			package = C50F0D912ADE6874005A64DF /* XCRemoteSwiftPackageReference "RxSwift" */;
			productName = "RxCocoa-Dynamic";
		};
		C50F0D9A2ADE6874005A64DF /* RxRelay */ = {
			isa = XCSwiftPackageProductDependency;
			package = C50F0D912ADE6874005A64DF /* XCRemoteSwiftPackageReference "RxSwift" */;
			productName = RxRelay;
		};
/* End XCSwiftPackageProductDependency section */
	};
	rootObject = C50F0D722ADE6839005A64DF /* Project object */;
}
